PODS:
  - Alamofire (4.8.2)
  - SQLite.swift (0.11.5):
    - SQLite.swift/standard (= 0.11.5)
  - SQLite.swift/standard (0.11.5)
  - SwiftyJSON (5.0.0)
  - Toast-Swift (5.0.0)

DEPENDENCIES:
  - Alamofire
  - SQLite.swift
  - SwiftyJSON
  - Toast-Swift

SPEC REPOS:
  https://github.com/cocoapods/specs.git:
    - Alamofire
    - SQLite.swift
    - SwiftyJSON
    - Toast-Swift

SPEC CHECKSUMS:
  Alamofire: ae5c501addb7afdbb13687d7f2f722c78734c2d3
  SQLite.swift: 6e5356850bb1791459f8c16d6ee9195b28714a2e
  SwiftyJSON: 36413e04c44ee145039d332b4f4e2d3e8d6c4db7
  Toast-Swift: 36f4720243c8582c2be243a60a51e193c761f541

PODFILE CHECKSUM: 6bc3e33a5b3d8fdfbc4ea5dfe669b5a08a7e3e44

COCOAPODS: 1.5.3
