// !$*UTF8*$!
{
	archiveVersion = 1;
	classes = {
	};
	objectVersion = 50;
	objects = {

/* Begin PBXBuildFile section */
		1472EDF2228029C80038BBCB /* AppDelegate.swift in Sources */ = {isa = PBXBuildFile; fileRef = 1472EDF1228029C80038BBCB /* AppDelegate.swift */; };
		1472EDF4228029C80038BBCB /* ViewController.swift in Sources */ = {isa = PBXBuildFile; fileRef = 1472EDF3228029C80038BBCB /* ViewController.swift */; };
		1472EDF7228029C80038BBCB /* Main.storyboard in Resources */ = {isa = PBXBuildFile; fileRef = 1472EDF5228029C80038BBCB /* Main.storyboard */; };
		1472EDF9228029CD0038BBCB /* Assets.xcassets in Resources */ = {isa = PBXBuildFile; fileRef = 1472EDF8228029CD0038BBCB /* Assets.xcassets */; };
		1472EDFC228029CD0038BBCB /* LaunchScreen.storyboard in Resources */ = {isa = PBXBuildFile; fileRef = 1472EDFA228029CD0038BBCB /* LaunchScreen.storyboard */; };
		A0F8E0F3A56DC3C0FFA1B92E /* Pods_TimePresence.framework in Frameworks */ = {isa = PBXBuildFile; fileRef = 325734C0CE3F4D06089A763F /* Pods_TimePresence.framework */; };
/* End PBXBuildFile section */

/* Begin PBXFileReference section */
		1472EDEE228029C80038BBCB /* TimePresence.app */ = {isa = PBXFileReference; explicitFileType = wrapper.application; includeInIndex = 0; path = TimePresence.app; sourceTree = BUILT_PRODUCTS_DIR; };
		1472EDF1228029C80038BBCB /* AppDelegate.swift */ = {isa = PBXFileReference; lastKnownFileType = sourcecode.swift; path = AppDelegate.swift; sourceTree = "<group>"; };
		1472EDF3228029C80038BBCB /* ViewController.swift */ = {isa = PBXFileReference; lastKnownFileType = sourcecode.swift; path = ViewController.swift; sourceTree = "<group>"; };
		1472EDF6228029C80038BBCB /* Base */ = {isa = PBXFileReference; lastKnownFileType = file.storyboard; name = Base; path = Base.lproj/Main.storyboard; sourceTree = "<group>"; };
		1472EDF8228029CD0038BBCB /* Assets.xcassets */ = {isa = PBXFileReference; lastKnownFileType = folder.assetcatalog; path = Assets.xcassets; sourceTree = "<group>"; };
		1472EDFB228029CD0038BBCB /* Base */ = {isa = PBXFileReference; lastKnownFileType = file.storyboard; name = Base; path = Base.lproj/LaunchScreen.storyboard; sourceTree = "<group>"; };
		1472EDFD228029CD0038BBCB /* Info.plist */ = {isa = PBXFileReference; lastKnownFileType = text.plist.xml; path = Info.plist; sourceTree = "<group>"; };
		325734C0CE3F4D06089A763F /* Pods_TimePresence.framework */ = {isa = PBXFileReference; explicitFileType = wrapper.framework; includeInIndex = 0; path = Pods_TimePresence.framework; sourceTree = BUILT_PRODUCTS_DIR; };
		A066B047FE2A9B6D2617B783 /* Pods-TimePresence.debug.xcconfig */ = {isa = PBXFileReference; includeInIndex = 1; lastKnownFileType = text.xcconfig; name = "Pods-TimePresence.debug.xcconfig"; path = "Pods/Target Support Files/Pods-TimePresence/Pods-TimePresence.debug.xcconfig"; sourceTree = "<group>"; };
		E1614EA719C5F84823360ADD /* Pods-TimePresence.release.xcconfig */ = {isa = PBXFileReference; includeInIndex = 1; lastKnownFileType = text.xcconfig; name = "Pods-TimePresence.release.xcconfig"; path = "Pods/Target Support Files/Pods-TimePresence/Pods-TimePresence.release.xcconfig"; sourceTree = "<group>"; };
/* End PBXFileReference section */

/* Begin PBXFrameworksBuildPhase section */
		1472EDEB228029C70038BBCB /* Frameworks */ = {
			isa = PBXFrameworksBuildPhase;
			buildActionMask = 2147483647;
			files = (
				A0F8E0F3A56DC3C0FFA1B92E /* Pods_TimePresence.framework in Frameworks */,
			);
			runOnlyForDeploymentPostprocessing = 0;
		};
/* End PBXFrameworksBuildPhase section */

/* Begin PBXGroup section */
		1472EDE5228029C70038BBCB = {
			isa = PBXGroup;
			children = (
				1472EDF0228029C80038BBCB /* TimePresence */,
				1472EDEF228029C80038BBCB /* Products */,
				297BC9281E39F0504F4B6174 /* Pods */,
				D8716A79F91EFA1440F90614 /* Frameworks */,
			);
			sourceTree = "<group>";
		};
		1472EDEF228029C80038BBCB /* Products */ = {
			isa = PBXGroup;
			children = (
				1472EDEE228029C80038BBCB /* TimePresence.app */,
			);
			name = Products;
			sourceTree = "<group>";
		};
		1472EDF0228029C80038BBCB /* TimePresence */ = {
			isa = PBXGroup;
			children = (
				1472EDF1228029C80038BBCB /* AppDelegate.swift */,
				1472EDF3228029C80038BBCB /* ViewController.swift */,
				1472EDF5228029C80038BBCB /* Main.storyboard */,
				1472EDF8228029CD0038BBCB /* Assets.xcassets */,
				1472EDFA228029CD0038BBCB /* LaunchScreen.storyboard */,
				1472EDFD228029CD0038BBCB /* Info.plist */,
			);
			path = TimePresence;
			sourceTree = "<group>";
		};
		297BC9281E39F0504F4B6174 /* Pods */ = {
			isa = PBXGroup;
			children = (
				A066B047FE2A9B6D2617B783 /* Pods-TimePresence.debug.xcconfig */,
				E1614EA719C5F84823360ADD /* Pods-TimePresence.release.xcconfig */,
			);
			name = Pods;
			sourceTree = "<group>";
		};
		D8716A79F91EFA1440F90614 /* Frameworks */ = {
			isa = PBXGroup;
			children = (
				325734C0CE3F4D06089A763F /* Pods_TimePresence.framework */,
			);
			name = Frameworks;
			sourceTree = "<group>";
		};
/* End PBXGroup section */

/* Begin PBXNativeTarget section */
		1472EDED228029C70038BBCB /* TimePresence */ = {
			isa = PBXNativeTarget;
			buildConfigurationList = 1472EE00228029CD0038BBCB /* Build configuration list for PBXNativeTarget "TimePresence" */;
			buildPhases = (
				82371C7137300E111FEEFEAA /* [CP] Check Pods Manifest.lock */,
				1472EDEA228029C70038BBCB /* Sources */,
				1472EDEB228029C70038BBCB /* Frameworks */,
				1472EDEC228029C70038BBCB /* Resources */,
				B7B7A1ED1BDD677573968123 /* [CP] Embed Pods Frameworks */,
			);
			buildRules = (
			);
			dependencies = (
			);
			name = TimePresence;
			productName = TimePresence;
			productReference = 1472EDEE228029C80038BBCB /* TimePresence.app */;
			productType = "com.apple.product-type.application";
		};
/* End PBXNativeTarget section */

/* Begin PBXProject section */
		1472EDE6228029C70038BBCB /* Project object */ = {
			isa = PBXProject;
			attributes = {
				LastSwiftUpdateCheck = 1010;
				LastUpgradeCheck = 1010;
				ORGANIZATIONNAME = "Nour ";
				TargetAttributes = {
					1472EDED228029C70038BBCB = {
						CreatedOnToolsVersion = 10.1;
					};
				};
			};
			buildConfigurationList = 1472EDE9228029C70038BBCB /* Build configuration list for PBXProject "TimePresence" */;
			compatibilityVersion = "Xcode 9.3";
			developmentRegion = en;
			hasScannedForEncodings = 0;
			knownRegions = (
				en,
				Base,
			);
			mainGroup = 1472EDE5228029C70038BBCB;
			productRefGroup = 1472EDEF228029C80038BBCB /* Products */;
			projectDirPath = "";
			projectRoot = "";
			targets = (
				1472EDED228029C70038BBCB /* TimePresence */,
			);
		};
/* End PBXProject section */

/* Begin PBXResourcesBuildPhase section */
		1472EDEC228029C70038BBCB /* Resources */ = {
			isa = PBXResourcesBuildPhase;
			buildActionMask = 2147483647;
			files = (
				1472EDFC228029CD0038BBCB /* LaunchScreen.storyboard in Resources */,
				1472EDF9228029CD0038BBCB /* Assets.xcassets in Resources */,
				1472EDF7228029C80038BBCB /* Main.storyboard in Resources */,
			);
			runOnlyForDeploymentPostprocessing = 0;
		};
/* End PBXResourcesBuildPhase section */

/* Begin PBXShellScriptBuildPhase section */
		82371C7137300E111FEEFEAA /* [CP] Check Pods Manifest.lock */ = {
			isa = PBXShellScriptBuildPhase;
			buildActionMask = 2147483647;
			files = (
			);
			inputFileListPaths = (
			);
			inputPaths = (
				"${PODS_PODFILE_DIR_PATH}/Podfile.lock",
				"${PODS_ROOT}/Manifest.lock",
			);
			name = "[CP] Check Pods Manifest.lock";
			outputFileListPaths = (
			);
			outputPaths = (
				"$(DERIVED_FILE_DIR)/Pods-TimePresence-checkManifestLockResult.txt",
			);
			runOnlyForDeploymentPostprocessing = 0;
			shellPath = /bin/sh;
			shellScript = "diff \"${PODS_PODFILE_DIR_PATH}/Podfile.lock\" \"${PODS_ROOT}/Manifest.lock\" > /dev/null\nif [ $? != 0 ] ; then\n    # print error to STDERR\n    echo \"error: The sandbox is not in sync with the Podfile.lock. Run 'pod install' or update your CocoaPods installation.\" >&2\n    exit 1\nfi\n# This output is used by Xcode 'outputs' to avoid re-running this script phase.\necho \"SUCCESS\" > \"${SCRIPT_OUTPUT_FILE_0}\"\n";
			showEnvVarsInLog = 0;
		};
		B7B7A1ED1BDD677573968123 /* [CP] Embed Pods Frameworks */ = {
			isa = PBXShellScriptBuildPhase;
			buildActionMask = 2147483647;
			files = (
			);
			inputFileListPaths = (
			);
			inputPaths = (
				"${SRCROOT}/Pods/Target Support Files/Pods-TimePresence/Pods-TimePresence-frameworks.sh",
				"${BUILT_PRODUCTS_DIR}/Alamofire/Alamofire.framework",
				"${BUILT_PRODUCTS_DIR}/SQLite.swift/SQLite.framework",
				"${BUILT_PRODUCTS_DIR}/SwiftyJSON/SwiftyJSON.framework",
				"${BUILT_PRODUCTS_DIR}/Toast-Swift/Toast_Swift.framework",
			);
			name = "[CP] Embed Pods Frameworks";
			outputFileListPaths = (
			);
			outputPaths = (
				"${TARGET_BUILD_DIR}/${FRAMEWORKS_FOLDER_PATH}/Alamofire.framework",
				"${TARGET_BUILD_DIR}/${FRAMEWORKS_FOLDER_PATH}/SQLite.framework",
				"${TARGET_BUILD_DIR}/${FRAMEWORKS_FOLDER_PATH}/SwiftyJSON.framework",
				"${TARGET_BUILD_DIR}/${FRAMEWORKS_FOLDER_PATH}/Toast_Swift.framework",
			);
			runOnlyForDeploymentPostprocessing = 0;
			shellPath = /bin/sh;
			shellScript = "\"${SRCROOT}/Pods/Target Support Files/Pods-TimePresence/Pods-TimePresence-frameworks.sh\"\n";
			showEnvVarsInLog = 0;
		};
/* End PBXShellScriptBuildPhase section */

/* Begin PBXSourcesBuildPhase section */
		1472EDEA228029C70038BBCB /* Sources */ = {
			isa = PBXSourcesBuildPhase;
			buildActionMask = 2147483647;
			files = (
				1472EDF4228029C80038BBCB /* ViewController.swift in Sources */,
				1472EDF2228029C80038BBCB /* AppDelegate.swift in Sources */,
			);
			runOnlyForDeploymentPostprocessing = 0;
		};
/* End PBXSourcesBuildPhase section */

/* Begin PBXVariantGroup section */
		1472EDF5228029C80038BBCB /* Main.storyboard */ = {
			isa = PBXVariantGroup;
			children = (
				1472EDF6228029C80038BBCB /* Base */,
			);
			name = Main.storyboard;
			sourceTree = "<group>";
		};
		1472EDFA228029CD0038BBCB /* LaunchScreen.storyboard */ = {
			isa = PBXVariantGroup;
			children = (
				1472EDFB228029CD0038BBCB /* Base */,
			);
			name = LaunchScreen.storyboard;
			sourceTree = "<group>";
		};
/* End PBXVariantGroup section */

/* Begin XCBuildConfiguration section */
		1472EDFE228029CD0038BBCB /* Debug */ = {
			isa = XCBuildConfiguration;
			buildSettings = {
				ALWAYS_SEARCH_USER_PATHS = NO;
				CLANG_ANALYZER_NONNULL = YES;
				CLANG_ANALYZER_NUMBER_OBJECT_CONVERSION = YES_AGGRESSIVE;
				CLANG_CXX_LANGUAGE_STANDARD = "gnu++14";
				CLANG_CXX_LIBRARY = "libc++";
				CLANG_ENABLE_MODULES = YES;
				CLANG_ENABLE_OBJC_ARC = YES;
				CLANG_ENABLE_OBJC_WEAK = YES;
				CLANG_WARN_BLOCK_CAPTURE_AUTORELEASING = YES;
				CLANG_WARN_BOOL_CONVERSION = YES;
				CLANG_WARN_COMMA = YES;
				CLANG_WARN_CONSTANT_CONVERSION = YES;
				CLANG_WARN_DEPRECATED_OBJC_IMPLEMENTATIONS = YES;
				CLANG_WARN_DIRECT_OBJC_ISA_USAGE = YES_ERROR;
				CLANG_WARN_DOCUMENTATION_COMMENTS = YES;
				CLANG_WARN_EMPTY_BODY = YES;
				CLANG_WARN_ENUM_CONVERSION = YES;
				CLANG_WARN_INFINITE_RECURSION = YES;
				CLANG_WARN_INT_CONVERSION = YES;
				CLANG_WARN_NON_LITERAL_NULL_CONVERSION = YES;
				CLANG_WARN_OBJC_IMPLICIT_RETAIN_SELF = YES;
				CLANG_WARN_OBJC_LITERAL_CONVERSION = YES;
				CLANG_WARN_OBJC_ROOT_CLASS = YES_ERROR;
				CLANG_WARN_RANGE_LOOP_ANALYSIS = YES;
				CLANG_WARN_STRICT_PROTOTYPES = YES;
				CLANG_WARN_SUSPICIOUS_MOVE = YES;
				CLANG_WARN_UNGUARDED_AVAILABILITY = YES_AGGRESSIVE;
				CLANG_WARN_UNREACHABLE_CODE = YES;
				CLANG_WARN__DUPLICATE_METHOD_MATCH = YES;
				CODE_SIGN_IDENTITY = "iPhone Developer";
				COPY_PHASE_STRIP = NO;
				DEBUG_INFORMATION_FORMAT = dwarf;
				ENABLE_STRICT_OBJC_MSGSEND = YES;
				ENABLE_TESTABILITY = YES;
				GCC_C_LANGUAGE_STANDARD = gnu11;
				GCC_DYNAMIC_NO_PIC = NO;
				GCC_NO_COMMON_BLOCKS = YES;
				GCC_OPTIMIZATION_LEVEL = 0;
				GCC_PREPROCESSOR_DEFINITIONS = (
					"DEBUG=1",
					"$(inherited)",
				);
				GCC_WARN_64_TO_32_BIT_CONVERSION = YES;
				GCC_WARN_ABOUT_RETURN_TYPE = YES_ERROR;
				GCC_WARN_UNDECLARED_SELECTOR = YES;
				GCC_WARN_UNINITIALIZED_AUTOS = YES_AGGRESSIVE;
				GCC_WARN_UNUSED_FUNCTION = YES;
				GCC_WARN_UNUSED_VARIABLE = YES;
				IPHONEOS_DEPLOYMENT_TARGET = 12.1;
				MTL_ENABLE_DEBUG_INFO = INCLUDE_SOURCE;
				MTL_FAST_MATH = YES;
				ONLY_ACTIVE_ARCH = YES;
				SDKROOT = iphoneos;
				SWIFT_ACTIVE_COMPILATION_CONDITIONS = DEBUG;
				SWIFT_OPTIMIZATION_LEVEL = "-Onone";
			};
			name = Debug;
		};
		1472EDFF228029CD0038BBCB /* Release */ = {
			isa = XCBuildConfiguration;
			buildSettings = {
				ALWAYS_SEARCH_USER_PATHS = NO;
				CLANG_ANALYZER_NONNULL = YES;
				CLANG_ANALYZER_NUMBER_OBJECT_CONVERSION = YES_AGGRESSIVE;
				CLANG_CXX_LANGUAGE_STANDARD = "gnu++14";
				CLANG_CXX_LIBRARY = "libc++";
				CLANG_ENABLE_MODULES = YES;
				CLANG_ENABLE_OBJC_ARC = YES;
				CLANG_ENABLE_OBJC_WEAK = YES;
				CLANG_WARN_BLOCK_CAPTURE_AUTORELEASING = YES;
				CLANG_WARN_BOOL_CONVERSION = YES;
				CLANG_WARN_COMMA = YES;
				CLANG_WARN_CONSTANT_CONVERSION = YES;
				CLANG_WARN_DEPRECATED_OBJC_IMPLEMENTATIONS = YES;
				CLANG_WARN_DIRECT_OBJC_ISA_USAGE = YES_ERROR;
				CLANG_WARN_DOCUMENTATION_COMMENTS = YES;
				CLANG_WARN_EMPTY_BODY = YES;
				CLANG_WARN_ENUM_CONVERSION = YES;
				CLANG_WARN_INFINITE_RECURSION = YES;
				CLANG_WARN_INT_CONVERSION = YES;
				CLANG_WARN_NON_LITERAL_NULL_CONVERSION = YES;
				CLANG_WARN_OBJC_IMPLICIT_RETAIN_SELF = YES;
				CLANG_WARN_OBJC_LITERAL_CONVERSION = YES;
				CLANG_WARN_OBJC_ROOT_CLASS = YES_ERROR;
				CLANG_WARN_RANGE_LOOP_ANALYSIS = YES;
				CLANG_WARN_STRICT_PROTOTYPES = YES;
				CLANG_WARN_SUSPICIOUS_MOVE = YES;
				CLANG_WARN_UNGUARDED_AVAILABILITY = YES_AGGRESSIVE;
				CLANG_WARN_UNREACHABLE_CODE = YES;
				CLANG_WARN__DUPLICATE_METHOD_MATCH = YES;
				CODE_SIGN_IDENTITY = "iPhone Developer";
				COPY_PHASE_STRIP = NO;
				DEBUG_INFORMATION_FORMAT = "dwarf-with-dsym";
				ENABLE_NS_ASSERTIONS = NO;
				ENABLE_STRICT_OBJC_MSGSEND = YES;
				GCC_C_LANGUAGE_STANDARD = gnu11;
				GCC_NO_COMMON_BLOCKS = YES;
				GCC_WARN_64_TO_32_BIT_CONVERSION = YES;
				GCC_WARN_ABOUT_RETURN_TYPE = YES_ERROR;
				GCC_WARN_UNDECLARED_SELECTOR = YES;
				GCC_WARN_UNINITIALIZED_AUTOS = YES_AGGRESSIVE;
				GCC_WARN_UNUSED_FUNCTION = YES;
				GCC_WARN_UNUSED_VARIABLE = YES;
				IPHONEOS_DEPLOYMENT_TARGET = 12.1;
				MTL_ENABLE_DEBUG_INFO = NO;
				MTL_FAST_MATH = YES;
				SDKROOT = iphoneos;
				SWIFT_COMPILATION_MODE = wholemodule;
				SWIFT_OPTIMIZATION_LEVEL = "-O";
				VALIDATE_PRODUCT = YES;
			};
			name = Release;
		};
		1472EE01228029CD0038BBCB /* Debug */ = {
			isa = XCBuildConfiguration;
			baseConfigurationReference = A066B047FE2A9B6D2617B783 /* Pods-TimePresence.debug.xcconfig */;
			buildSettings = {
				ASSETCATALOG_COMPILER_APPICON_NAME = AppIcon;
				CODE_SIGN_STYLE = Automatic;
				DEVELOPMENT_TEAM = E5963CA2JF;
				INFOPLIST_FILE = TimePresence/Info.plist;
				LD_RUNPATH_SEARCH_PATHS = (
					"$(inherited)",
					"@executable_path/Frameworks",
				);
				PRODUCT_BUNDLE_IDENTIFIER = com.ITM.NOUR.TimePresence;
				PRODUCT_NAME = "$(TARGET_NAME)";
				SWIFT_VERSION = 4.2;
				TARGETED_DEVICE_FAMILY = "1,2";
			};
			name = Debug;
		};
		1472EE02228029CD0038BBCB /* Release */ = {
			isa = XCBuildConfiguration;
			baseConfigurationReference = E1614EA719C5F84823360ADD /* Pods-TimePresence.release.xcconfig */;
			buildSettings = {
				ASSETCATALOG_COMPILER_APPICON_NAME = AppIcon;
				CODE_SIGN_STYLE = Automatic;
				DEVELOPMENT_TEAM = E5963CA2JF;
				INFOPLIST_FILE = TimePresence/Info.plist;
				LD_RUNPATH_SEARCH_PATHS = (
					"$(inherited)",
					"@executable_path/Frameworks",
				);
				PRODUCT_BUNDLE_IDENTIFIER = com.ITM.NOUR.TimePresence;
				PRODUCT_NAME = "$(TARGET_NAME)";
				SWIFT_VERSION = 4.2;
				TARGETED_DEVICE_FAMILY = "1,2";
			};
			name = Release;
		};
/* End XCBuildConfiguration section */

/* Begin XCConfigurationList section */
		1472EDE9228029C70038BBCB /* Build configuration list for PBXProject "TimePresence" */ = {
			isa = XCConfigurationList;
			buildConfigurations = (
				1472EDFE228029CD0038BBCB /* Debug */,
				1472EDFF228029CD0038BBCB /* Release */,
			);
			defaultConfigurationIsVisible = 0;
			defaultConfigurationName = Release;
		};
		1472EE00228029CD0038BBCB /* Build configuration list for PBXNativeTarget "TimePresence" */ = {
			isa = XCConfigurationList;
			buildConfigurations = (
				1472EE01228029CD0038BBCB /* Debug */,
				1472EE02228029CD0038BBCB /* Release */,
			);
			defaultConfigurationIsVisible = 0;
			defaultConfigurationName = Release;
		};
/* End XCConfigurationList section */
	};
	rootObject = 1472EDE6228029C70038BBCB /* Project object */;
}
